<?xml version="1.0" encoding="utf-8"?>
<Project ToolsVersion="4.0" xmlns="http://schemas.microsoft.com/developer/msbuild/2003">
  <ItemGroup>
    <ClCompile Include="ThreadAutoConnect.cpp" />
    <ClCompile Include="ThreadTimeDetect.cpp" />
    <ClCompile Include="Charactor.cpp">
      <Filter>Source Files</Filter>
    </ClCompile>
    <ClCompile Include="AboutAll.cpp">
      <Filter>Source Files</Filter>
    </ClCompile>
    <ClCompile Include="Cnc.cpp">
      <Filter>Source Files</Filter>
    </ClCompile>
    <ClCompile Include="Curve.cpp">
      <Filter>Source Files</Filter>
    </ClCompile>
    <ClCompile Include="DlgAddDrillTable.cpp">
      <Filter>Source Files</Filter>
    </ClCompile>
    <ClCompile Include="DlgGetInput.cpp">
      <Filter>Source Files</Filter>
    </ClCompile>
    <ClCompile Include="DlgParaMac.cpp">
      <Filter>Source Files</Filter>
    </ClCompile>
    <ClCompile Include="DlgParaSoft.cpp">
      <Filter>Source Files</Filter>
    </ClCompile>
    <ClCompile Include="DlgPlatformProp.cpp">
      <Filter>Source Files</Filter>
    </ClCompile>
    <ClCompile Include="DlgPropLineAdd.cpp">
      <Filter>Source Files</Filter>
    </ClCompile>
    <ClCompile Include="DlgPropLineExpand.cpp">
      <Filter>Source Files</Filter>
    </ClCompile>
    <ClCompile Include="DlgPropOutline.cpp">
      <Filter>Source Files</Filter>
    </ClCompile>
    <ClCompile Include="DlgPropRect.cpp">
      <Filter>Source Files</Filter>
    </ClCompile>
    <ClCompile Include="DlgPropTextAdd.cpp">
      <Filter>Source Files</Filter>
    </ClCompile>
    <ClCompile Include="DlgProtectPara.cpp">
      <Filter>Source Files</Filter>
    </ClCompile>
    <ClCompile Include="DlgPwdInput.cpp">
      <Filter>Source Files</Filter>
    </ClCompile>
    <ClCompile Include="DlgPropSlot.cpp">
      <Filter>Source Files</Filter>
    </ClCompile>
    <ClCompile Include="DlgRegInfo.cpp">
      <Filter>Source Files</Filter>
    </ClCompile>
    <ClCompile Include="DlgSuperUser.cpp">
      <Filter>Source Files</Filter>
    </ClCompile>
    <ClCompile Include="DlgTest.cpp">
      <Filter>Source Files</Filter>
    </ClCompile>
    <ClCompile Include="Global.cpp">
      <Filter>Source Files</Filter>
    </ClCompile>
    <ClCompile Include="HpglFile.cpp">
      <Filter>Source Files</Filter>
    </ClCompile>
    <ClCompile Include="HyperLink.cpp">
      <Filter>Source Files</Filter>
    </ClCompile>
    <ClCompile Include="MainFrm.cpp">
      <Filter>Source Files</Filter>
    </ClCompile>
    <ClCompile Include="MCAD.cpp">
      <Filter>Source Files</Filter>
    </ClCompile>
    <ClCompile Include="MCADDoc.cpp">
      <Filter>Source Files</Filter>
    </ClCompile>
    <ClCompile Include="MCADView.cpp">
      <Filter>Source Files</Filter>
    </ClCompile>
    <ClCompile Include="MyReg.cpp">
      <Filter>Source Files</Filter>
    </ClCompile>
    <ClCompile Include="MySoftDog.cpp">
      <Filter>Source Files</Filter>
    </ClCompile>
    <ClCompile Include="MyUSB.cpp">
      <Filter>Source Files</Filter>
    </ClCompile>
    <ClCompile Include="PieceListView.cpp">
      <Filter>Source Files</Filter>
    </ClCompile>
    <ClCompile Include="Piece.cpp">
      <Filter>Source Files</Filter>
    </ClCompile>
    <ClCompile Include="Settings.cpp">
      <Filter>Source Files</Filter>
    </ClCompile>
    <ClCompile Include="Splash.cpp">
      <Filter>Source Files</Filter>
    </ClCompile>
    <ClCompile Include="StdAfx.cpp">
      <Filter>Source Files</Filter>
    </ClCompile>
    <ClCompile Include="Scanister.cpp">
      <Filter>Source Files</Filter>
    </ClCompile>
  </ItemGroup>
  <ItemGroup>
    <ClInclude Include="AboutAll.h">
      <Filter>Header Files</Filter>
    </ClInclude>
    <ClInclude Include="Charactor.h">
      <Filter>Header Files</Filter>
    </ClInclude>
    <ClInclude Include="Cnc.h">
      <Filter>Header Files</Filter>
    </ClInclude>
    <ClInclude Include="Curve.h">
      <Filter>Header Files</Filter>
    </ClInclude>
    <ClInclude Include="DlgAddDrillTable.h">
      <Filter>Header Files</Filter>
    </ClInclude>
    <ClInclude Include="DlgGetInput.h">
      <Filter>Header Files</Filter>
    </ClInclude>
    <ClInclude Include="DlgParaMac.h">
      <Filter>Header Files</Filter>
    </ClInclude>
    <ClInclude Include="DlgParaSoft.h">
      <Filter>Header Files</Filter>
    </ClInclude>
    <ClInclude Include="DlgPlatformProp.h">
      <Filter>Header Files</Filter>
    </ClInclude>
    <ClInclude Include="DlgPropLineAdd.h">
      <Filter>Header Files</Filter>
    </ClInclude>
    <ClInclude Include="DlgPropLineExpand.h">
      <Filter>Header Files</Filter>
    </ClInclude>
    <ClInclude Include="DlgPropOutline.h">
      <Filter>Header Files</Filter>
    </ClInclude>
    <ClInclude Include="DlgPropRect.h">
      <Filter>Header Files</Filter>
    </ClInclude>
    <ClInclude Include="DlgPropSlot.h">
      <Filter>Header Files</Filter>
    </ClInclude>
    <ClInclude Include="DlgPropTextAdd.h">
      <Filter>Header Files</Filter>
    </ClInclude>
    <ClInclude Include="DlgProtectPara.h">
      <Filter>Header Files</Filter>
    </ClInclude>
    <ClInclude Include="DlgPwdInput.h">
      <Filter>Header Files</Filter>
    </ClInclude>
    <ClInclude Include="DlgRegInfo.h">
      <Filter>Header Files</Filter>
    </ClInclude>
    <ClInclude Include="DlgSuperUser.h">
      <Filter>Header Files</Filter>
    </ClInclude>
    <ClInclude Include="DlgTest.h">
      <Filter>Header Files</Filter>
    </ClInclude>
    <ClInclude Include="Global.h">
      <Filter>Header Files</Filter>
    </ClInclude>
    <ClInclude Include="HpglFile.h">
      <Filter>Header Files</Filter>
    </ClInclude>
    <ClInclude Include="HyperLink.h">
      <Filter>Header Files</Filter>
    </ClInclude>
    <ClInclude Include="MainFrm.h">
      <Filter>Header Files</Filter>
    </ClInclude>
    <ClInclude Include="MCAD.h">
      <Filter>Header Files</Filter>
    </ClInclude>
    <ClInclude Include="MCADView.h">
      <Filter>Header Files</Filter>
    </ClInclude>
    <ClInclude Include="MyReg.h">
      <Filter>Header Files</Filter>
    </ClInclude>
    <ClInclude Include="MySoftDog.h">
      <Filter>Header Files</Filter>
    </ClInclude>
    <ClInclude Include="MyUSB.h">
      <Filter>Header Files</Filter>
    </ClInclude>
    <ClInclude Include="Piece.h">
      <Filter>Header Files</Filter>
    </ClInclude>
    <ClInclude Include="PieceListView.h">
      <Filter>Header Files</Filter>
    </ClInclude>
    <ClInclude Include="Resource.h">
      <Filter>Header Files</Filter>
    </ClInclude>
    <ClInclude Include="Settings.h">
      <Filter>Header Files</Filter>
    </ClInclude>
    <ClInclude Include="Splash.h">
      <Filter>Header Files</Filter>
    </ClInclude>
    <ClInclude Include="StdAfx.h">
      <Filter>Header Files</Filter>
    </ClInclude>
    <ClInclude Include="MCADDoc.h">
      <Filter>Header Files</Filter>
    </ClInclude>
    <ClInclude Include="Scanister.h">
      <Filter>Header Files</Filter>
    </ClInclude>
  </ItemGroup>
  <ItemGroup>
    <CustomBuild Include="ReadMe.txt" />
    <CustomBuild Include="res\MCAD.ico">
      <Filter>Resource Files</Filter>
    </CustomBuild>
    <CustomBuild Include="res\MCAD.rc2">
      <Filter>Resource Files</Filter>
    </CustomBuild>
    <CustomBuild Include="res\MCADDoc.ico">
      <Filter>Resource Files</Filter>
    </CustomBuild>
    <CustomBuild Include="res\MCADStart.bmp">
      <Filter>Resource Files</Filter>
    </CustomBuild>
    <CustomBuild Include="res\fon_en.bin">
      <Filter>Resource Files</Filter>
    </CustomBuild>
    <CustomBuild Include="res\fon_hz.bin">
      <Filter>Resource Files</Filter>
    </CustomBuild>
    <CustomBuild Include="res\hmove.cur">
      <Filter>Resource Files</Filter>
    </CustomBuild>
    <CustomBuild Include="res\TbLine.bmp">
      <Filter>Resource Files</Filter>
    </CustomBuild>
    <CustomBuild Include="res\TbMain.bmp">
      <Filter>Resource Files</Filter>
    </CustomBuild>
    <CustomBuild Include="res\TbPage.bmp">
      <Filter>Resource Files</Filter>
    </CustomBuild>
    <CustomBuild Include="res\TbPiece.bmp">
      <Filter>Resource Files</Filter>
    </CustomBuild>
    <CustomBuild Include="res\tbs_line.cur">
      <Filter>Resource Files</Filter>
    </CustomBuild>
    <CustomBuild Include="res\tbs_move.cur">
      <Filter>Resource Files</Filter>
    </CustomBuild>
  </ItemGroup>
  <ItemGroup>
    <Filter Include="Source Files">
      <UniqueIdentifier>{4db1cbe1-1d4c-4404-849e-f9da48d18d39}</UniqueIdentifier>
    </Filter>
    <Filter Include="Header Files">
      <UniqueIdentifier>{d43e4faf-8051-4f04-84ce-36e218d7485c}</UniqueIdentifier>
    </Filter>
    <Filter Include="Resource Files">
      <UniqueIdentifier>{49b59058-b0d5-4cab-ad1d-91ea975fc013}</UniqueIdentifier>
    </Filter>
  </ItemGroup>
  <ItemGroup>
    <ResourceCompile Include="MCAD.rc">
      <Filter>Resource Files</Filter>
    </ResourceCompile>
  </ItemGroup>
</Project>